<?xml version="1.0" encoding="UTF-8"?>
<!DOCTYPE plist PUBLIC "-//Apple//DTD PLIST 1.0//EN" "http://www.apple.com/DTDs/PropertyList-1.0.dtd">
<plist version="1.0">
<dict>
	<key>hostname</key>
	<string>RushikeshReddy-MacBook-Pro.local</string>
	<key>hostuuid</key>
	<string>11AEC1A8-D9BB-56DB-8C2C-BA90E4F87887</string>
	<key>pid</key>
	<integer>25170</integer>
	<key>processname</key>
	<string>photolibraryd</string>
	<key>uid</key>
	<integer>503</integer>
</dict>
</plist>
